
Microsoft Visual Studio Solution File, Format Version 11.00
# Visual Studio 2010
Project("{FAE04EC0-301F-11D3-BF4B-00C04F79EFBC}") = "WindowsGame1", "WindowsGame1\WindowsGame1\WindowsGame1.csproj", "{A0307B64-F91F-4780-BE97-F689FB3B4768}"
EndProject
Project("{96E2B04D-8817-42C6-938A-82C39BA4D311}") = "WindowsGame1Content", "WindowsGame1\WindowsGame1Content\WindowsGame1Content.contentproj", "{0CF27FC2-4CAF-4BEC-88C1-2A32EAFB8E43}"
EndProject
Global
	GlobalSection(SolutionConfigurationPlatforms) = preSolution
		Debug|x86 = Debug|x86
		Release|x86 = Release|x86
	EndGlobalSection
	GlobalSection(ProjectConfigurationPlatforms) = postSolution
		{A0307B64-F91F-4780-BE97-F689FB3B4768}.Debug|x86.ActiveCfg = Debug|x86
		{A0307B64-F91F-4780-BE97-F689FB3B4768}.Debug|x86.Build.0 = Debug|x86
		{A0307B64-F91F-4780-BE97-F689FB3B4768}.Release|x86.ActiveCfg = Release|x86
		{A0307B64-F91F-4780-BE97-F689FB3B4768}.Release|x86.Build.0 = Release|x86
		{0CF27FC2-4CAF-4BEC-88C1-2A32EAFB8E43}.Debug|x86.ActiveCfg = Debug|x86
		{0CF27FC2-4CAF-4BEC-88C1-2A32EAFB8E43}.Release|x86.ActiveCfg = Release|x86
	EndGlobalSection
	GlobalSection(SolutionProperties) = preSolution
		HideSolutionNode = FALSE
	EndGlobalSection
EndGlobal
